// !$*UTF8*$!
{
	archiveVersion = 1;
	classes = {
	};
	objectVersion = 55;
	objects = {

/* Begin PBXBuildFile section */
		AF1257B8274D143900201AE7 /* AppDelegate.swift in Sources */ = {isa = PBXBuildFile; fileRef = AF1257B7274D143900201AE7 /* AppDelegate.swift */; };
		AF1257BA274D143900201AE7 /* SceneDelegate.swift in Sources */ = {isa = PBXBuildFile; fileRef = AF1257B9274D143900201AE7 /* SceneDelegate.swift */; };
		AF1257BC274D143900201AE7 /* ViewController.swift in Sources */ = {isa = PBXBuildFile; fileRef = AF1257BB274D143900201AE7 /* ViewController.swift */; };
		AF1257BF274D143900201AE7 /* Main.storyboard in Resources */ = {isa = PBXBuildFile; fileRef = AF1257BD274D143900201AE7 /* Main.storyboard */; };
		AF1257C1274D144400201AE7 /* Assets.xcassets in Resources */ = {isa = PBXBuildFile; fileRef = AF1257C0274D144400201AE7 /* Assets.xcassets */; };
		AF1257C4274D144400201AE7 /* LaunchScreen.storyboard in Resources */ = {isa = PBXBuildFile; fileRef = AF1257C2274D144400201AE7 /* LaunchScreen.storyboard */; };
		AF1257CF274D144500201AE7 /* ThreeInARowTests.swift in Sources */ = {isa = PBXBuildFile; fileRef = AF1257CE274D144500201AE7 /* ThreeInARowTests.swift */; };
		AF1257D9274D144500201AE7 /* ThreeInARowUITests.swift in Sources */ = {isa = PBXBuildFile; fileRef = AF1257D8274D144500201AE7 /* ThreeInARowUITests.swift */; };
		AF1257DB274D144500201AE7 /* ThreeInARowUITestsLaunchTests.swift in Sources */ = {isa = PBXBuildFile; fileRef = AF1257DA274D144500201AE7 /* ThreeInARowUITestsLaunchTests.swift */; };
		AF12586A274FD1BB00201AE7 /* WinViewController.swift in Sources */ = {isa = PBXBuildFile; fileRef = AF125869274FD1BB00201AE7 /* WinViewController.swift */; };
		AF51B6E32760E5DF00F9BC65 /* WelcomeViewController.swift in Sources */ = {isa = PBXBuildFile; fileRef = AF51B6E22760E5DF00F9BC65 /* WelcomeViewController.swift */; };
/* End PBXBuildFile section */

/* Begin PBXContainerItemProxy section */
		AF1257CB274D144500201AE7 /* PBXContainerItemProxy */ = {
			isa = PBXContainerItemProxy;
			containerPortal = AF1257AC274D143900201AE7 /* Project object */;
			proxyType = 1;
			remoteGlobalIDString = AF1257B3274D143900201AE7;
			remoteInfo = ThreeInARow;
		};
		AF1257D5274D144500201AE7 /* PBXContainerItemProxy */ = {
			isa = PBXContainerItemProxy;
			containerPortal = AF1257AC274D143900201AE7 /* Project object */;
			proxyType = 1;
			remoteGlobalIDString = AF1257B3274D143900201AE7;
			remoteInfo = ThreeInARow;
		};
/* End PBXContainerItemProxy section */

/* Begin PBXFileReference section */
		AF1257B4274D143900201AE7 /* ThreeInARow.app */ = {isa = PBXFileReference; explicitFileType = wrapper.application; includeInIndex = 0; path = ThreeInARow.app; sourceTree = BUILT_PRODUCTS_DIR; };
		AF1257B7274D143900201AE7 /* AppDelegate.swift */ = {isa = PBXFileReference; lastKnownFileType = sourcecode.swift; path = AppDelegate.swift; sourceTree = "<group>"; };
		AF1257B9274D143900201AE7 /* SceneDelegate.swift */ = {isa = PBXFileReference; lastKnownFileType = sourcecode.swift; path = SceneDelegate.swift; sourceTree = "<group>"; };
		AF1257BB274D143900201AE7 /* ViewController.swift */ = {isa = PBXFileReference; lastKnownFileType = sourcecode.swift; path = ViewController.swift; sourceTree = "<group>"; };
		AF1257BE274D143900201AE7 /* Base */ = {isa = PBXFileReference; lastKnownFileType = file.storyboard; name = Base; path = Base.lproj/Main.storyboard; sourceTree = "<group>"; };
		AF1257C0274D144400201AE7 /* Assets.xcassets */ = {isa = PBXFileReference; lastKnownFileType = folder.assetcatalog; path = Assets.xcassets; sourceTree = "<group>"; };
		AF1257C3274D144400201AE7 /* Base */ = {isa = PBXFileReference; lastKnownFileType = file.storyboard; name = Base; path = Base.lproj/LaunchScreen.storyboard; sourceTree = "<group>"; };
		AF1257C5274D144400201AE7 /* Info.plist */ = {isa = PBXFileReference; lastKnownFileType = text.plist.xml; path = Info.plist; sourceTree = "<group>"; };
		AF1257CA274D144500201AE7 /* ThreeInARowTests.xctest */ = {isa = PBXFileReference; explicitFileType = wrapper.cfbundle; includeInIndex = 0; path = ThreeInARowTests.xctest; sourceTree = BUILT_PRODUCTS_DIR; };
		AF1257CE274D144500201AE7 /* ThreeInARowTests.swift */ = {isa = PBXFileReference; lastKnownFileType = sourcecode.swift; path = ThreeInARowTests.swift; sourceTree = "<group>"; };
		AF1257D4274D144500201AE7 /* ThreeInARowUITests.xctest */ = {isa = PBXFileReference; explicitFileType = wrapper.cfbundle; includeInIndex = 0; path = ThreeInARowUITests.xctest; sourceTree = BUILT_PRODUCTS_DIR; };
		AF1257D8274D144500201AE7 /* ThreeInARowUITests.swift */ = {isa = PBXFileReference; lastKnownFileType = sourcecode.swift; path = ThreeInARowUITests.swift; sourceTree = "<group>"; };
		AF1257DA274D144500201AE7 /* ThreeInARowUITestsLaunchTests.swift */ = {isa = PBXFileReference; lastKnownFileType = sourcecode.swift; path = ThreeInARowUITestsLaunchTests.swift; sourceTree = "<group>"; };
		AF125869274FD1BB00201AE7 /* WinViewController.swift */ = {isa = PBXFileReference; lastKnownFileType = sourcecode.swift; path = WinViewController.swift; sourceTree = "<group>"; };
		AF51B6E22760E5DF00F9BC65 /* WelcomeViewController.swift */ = {isa = PBXFileReference; lastKnownFileType = sourcecode.swift; path = WelcomeViewController.swift; sourceTree = "<group>"; };
/* End PBXFileReference section */

/* Begin PBXFrameworksBuildPhase section */
		AF1257B1274D143900201AE7 /* Frameworks */ = {
			isa = PBXFrameworksBuildPhase;
			buildActionMask = 2147483647;
			files = (
			);
			runOnlyForDeploymentPostprocessing = 0;
		};
		AF1257C7274D144500201AE7 /* Frameworks */ = {
			isa = PBXFrameworksBuildPhase;
			buildActionMask = 2147483647;
			files = (
			);
			runOnlyForDeploymentPostprocessing = 0;
		};
		AF1257D1274D144500201AE7 /* Frameworks */ = {
			isa = PBXFrameworksBuildPhase;
			buildActionMask = 2147483647;
			files = (
			);
			runOnlyForDeploymentPostprocessing = 0;
		};
/* End PBXFrameworksBuildPhase section */

/* Begin PBXGroup section */
		AF1257AB274D143900201AE7 = {
			isa = PBXGroup;
			children = (
				AF125869274FD1BB00201AE7 /* WinViewController.swift */,
				AF1257B6274D143900201AE7 /* ThreeInARow */,
				AF1257CD274D144500201AE7 /* ThreeInARowTests */,
				AF1257D7274D144500201AE7 /* ThreeInARowUITests */,
				AF1257B5274D143900201AE7 /* Products */,
			);
			sourceTree = "<group>";
		};
		AF1257B5274D143900201AE7 /* Products */ = {
			isa = PBXGroup;
			children = (
				AF1257B4274D143900201AE7 /* ThreeInARow.app */,
				AF1257CA274D144500201AE7 /* ThreeInARowTests.xctest */,
				AF1257D4274D144500201AE7 /* ThreeInARowUITests.xctest */,
			);
			name = Products;
			sourceTree = "<group>";
		};
		AF1257B6274D143900201AE7 /* ThreeInARow */ = {
			isa = PBXGroup;
			children = (
				AF1257B7274D143900201AE7 /* AppDelegate.swift */,
				AF1257B9274D143900201AE7 /* SceneDelegate.swift */,
				AF1257BB274D143900201AE7 /* ViewController.swift */,
				AF1257BD274D143900201AE7 /* Main.storyboard */,
				AF51B6E22760E5DF00F9BC65 /* WelcomeViewController.swift */,
				AF1257C0274D144400201AE7 /* Assets.xcassets */,
				AF1257C2274D144400201AE7 /* LaunchScreen.storyboard */,
				AF1257C5274D144400201AE7 /* Info.plist */,
			);
			path = ThreeInARow;
			sourceTree = "<group>";
		};
		AF1257CD274D144500201AE7 /* ThreeInARowTests */ = {
			isa = PBXGroup;
			children = (
				AF1257CE274D144500201AE7 /* ThreeInARowTests.swift */,
			);
			path = ThreeInARowTests;
			sourceTree = "<group>";
		};
		AF1257D7274D144500201AE7 /* ThreeInARowUITests */ = {
			isa = PBXGroup;
			children = (
				AF1257D8274D144500201AE7 /* ThreeInARowUITests.swift */,
				AF1257DA274D144500201AE7 /* ThreeInARowUITestsLaunchTests.swift */,
			);
			path = ThreeInARowUITests;
			sourceTree = "<group>";
		};
/* End PBXGroup section */

/* Begin PBXNativeTarget section */
		AF1257B3274D143900201AE7 /* ThreeInARow */ = {
			isa = PBXNativeTarget;
			buildConfigurationList = AF1257DE274D144500201AE7 /* Build configuration list for PBXNativeTarget "ThreeInARow" */;
			buildPhases = (
				AF1257B0274D143900201AE7 /* Sources */,
				AF1257B1274D143900201AE7 /* Frameworks */,
				AF1257B2274D143900201AE7 /* Resources */,
			);
			buildRules = (
			);
			dependencies = (
			);
			name = ThreeInARow;
			productName = ThreeInARow;
			productReference = AF1257B4274D143900201AE7 /* ThreeInARow.app */;
			productType = "com.apple.product-type.application";
		};
		AF1257C9274D144500201AE7 /* ThreeInARowTests */ = {
			isa = PBXNativeTarget;
			buildConfigurationList = AF1257E1274D144500201AE7 /* Build configuration list for PBXNativeTarget "ThreeInARowTests" */;
			buildPhases = (
				AF1257C6274D144500201AE7 /* Sources */,
				AF1257C7274D144500201AE7 /* Frameworks */,
				AF1257C8274D144500201AE7 /* Resources */,
			);
			buildRules = (
			);
			dependencies = (
				AF1257CC274D144500201AE7 /* PBXTargetDependency */,
			);
			name = ThreeInARowTests;
			productName = ThreeInARowTests;
			productReference = AF1257CA274D144500201AE7 /* ThreeInARowTests.xctest */;
			productType = "com.apple.product-type.bundle.unit-test";
		};
		AF1257D3274D144500201AE7 /* ThreeInARowUITests */ = {
			isa = PBXNativeTarget;
			buildConfigurationList = AF1257E4274D144500201AE7 /* Build configuration list for PBXNativeTarget "ThreeInARowUITests" */;
			buildPhases = (
				AF1257D0274D144500201AE7 /* Sources */,
				AF1257D1274D144500201AE7 /* Frameworks */,
				AF1257D2274D144500201AE7 /* Resources */,
			);
			buildRules = (
			);
			dependencies = (
				AF1257D6274D144500201AE7 /* PBXTargetDependency */,
			);
			name = ThreeInARowUITests;
			productName = ThreeInARowUITests;
			productReference = AF1257D4274D144500201AE7 /* ThreeInARowUITests.xctest */;
			productType = "com.apple.product-type.bundle.ui-testing";
		};
/* End PBXNativeTarget section */

/* Begin PBXProject section */
		AF1257AC274D143900201AE7 /* Project object */ = {
			isa = PBXProject;
			attributes = {
				BuildIndependentTargetsInParallel = 1;
				LastSwiftUpdateCheck = 1310;
				LastUpgradeCheck = 1310;
				TargetAttributes = {
					AF1257B3274D143900201AE7 = {
						CreatedOnToolsVersion = 13.1;
					};
					AF1257C9274D144500201AE7 = {
						CreatedOnToolsVersion = 13.1;
						TestTargetID = AF1257B3274D143900201AE7;
					};
					AF1257D3274D144500201AE7 = {
						CreatedOnToolsVersion = 13.1;
						TestTargetID = AF1257B3274D143900201AE7;
					};
				};
			};
			buildConfigurationList = AF1257AF274D143900201AE7 /* Build configuration list for PBXProject "ThreeInARow" */;
			compatibilityVersion = "Xcode 13.0";
			developmentRegion = en;
			hasScannedForEncodings = 0;
			knownRegions = (
				en,
				Base,
			);
			mainGroup = AF1257AB274D143900201AE7;
			productRefGroup = AF1257B5274D143900201AE7 /* Products */;
			projectDirPath = "";
			projectRoot = "";
			targets = (
				AF1257B3274D143900201AE7 /* ThreeInARow */,
				AF1257C9274D144500201AE7 /* ThreeInARowTests */,
				AF1257D3274D144500201AE7 /* ThreeInARowUITests */,
			);
		};
/* End PBXProject section */

/* Begin PBXResourcesBuildPhase section */
		AF1257B2274D143900201AE7 /* Resources */ = {
			isa = PBXResourcesBuildPhase;
			buildActionMask = 2147483647;
			files = (
				AF1257C4274D144400201AE7 /* LaunchScreen.storyboard in Resources */,
				AF1257C1274D144400201AE7 /* Assets.xcassets in Resources */,
				AF1257BF274D143900201AE7 /* Main.storyboard in Resources */,
			);
			runOnlyForDeploymentPostprocessing = 0;
		};
		AF1257C8274D144500201AE7 /* Resources */ = {
			isa = PBXResourcesBuildPhase;
			buildActionMask = 2147483647;
			files = (
			);
			runOnlyForDeploymentPostprocessing = 0;
		};
		AF1257D2274D144500201AE7 /* Resources */ = {
			isa = PBXResourcesBuildPhase;
			buildActionMask = 2147483647;
			files = (
			);
			runOnlyForDeploymentPostprocessing = 0;
		};
/* End PBXResourcesBuildPhase section */

/* Begin PBXSourcesBuildPhase section */
		AF1257B0274D143900201AE7 /* Sources */ = {
			isa = PBXSourcesBuildPhase;
			buildActionMask = 2147483647;
			files = (
				AF1257BC274D143900201AE7 /* ViewController.swift in Sources */,
				AF51B6E32760E5DF00F9BC65 /* WelcomeViewController.swift in Sources */,
				AF1257B8274D143900201AE7 /* AppDelegate.swift in Sources */,
				AF1257BA274D143900201AE7 /* SceneDelegate.swift in Sources */,
				AF12586A274FD1BB00201AE7 /* WinViewController.swift in Sources */,
			);
			runOnlyForDeploymentPostprocessing = 0;
		};
		AF1257C6274D144500201AE7 /* Sources */ = {
			isa = PBXSourcesBuildPhase;
			buildActionMask = 2147483647;
			files = (
				AF1257CF274D144500201AE7 /* ThreeInARowTests.swift in Sources */,
			);
			runOnlyForDeploymentPostprocessing = 0;
		};
		AF1257D0274D144500201AE7 /* Sources */ = {
			isa = PBXSourcesBuildPhase;
			buildActionMask = 2147483647;
			files = (
				AF1257D9274D144500201AE7 /* ThreeInARowUITests.swift in Sources */,
				AF1257DB274D144500201AE7 /* ThreeInARowUITestsLaunchTests.swift in Sources */,
			);
			runOnlyForDeploymentPostprocessing = 0;
		};
/* End PBXSourcesBuildPhase section */

/* Begin PBXTargetDependency section */
		AF1257CC274D144500201AE7 /* PBXTargetDependency */ = {
			isa = PBXTargetDependency;
			target = AF1257B3274D143900201AE7 /* ThreeInARow */;
			targetProxy = AF1257CB274D144500201AE7 /* PBXContainerItemProxy */;
		};
		AF1257D6274D144500201AE7 /* PBXTargetDependency */ = {
			isa = PBXTargetDependency;
			target = AF1257B3274D143900201AE7 /* ThreeInARow */;
			targetProxy = AF1257D5274D144500201AE7 /* PBXContainerItemProxy */;
		};
/* End PBXTargetDependency section */

/* Begin PBXVariantGroup section */
		AF1257BD274D143900201AE7 /* Main.storyboard */ = {
			isa = PBXVariantGroup;
			children = (
				AF1257BE274D143900201AE7 /* Base */,
			);
			name = Main.storyboard;
			sourceTree = "<group>";
		};
		AF1257C2274D144400201AE7 /* LaunchScreen.storyboard */ = {
			isa = PBXVariantGroup;
			children = (
				AF1257C3274D144400201AE7 /* Base */,
			);
			name = LaunchScreen.storyboard;
			sourceTree = "<group>";
		};
/* End PBXVariantGroup section */

/* Begin XCBuildConfiguration section */
		AF1257DC274D144500201AE7 /* Debug */ = {
			isa = XCBuildConfiguration;
			buildSettings = {
				ALWAYS_SEARCH_USER_PATHS = NO;
				CLANG_ANALYZER_NONNULL = YES;
				CLANG_ANALYZER_NUMBER_OBJECT_CONVERSION = YES_AGGRESSIVE;
				CLANG_CXX_LANGUAGE_STANDARD = "gnu++17";
				CLANG_CXX_LIBRARY = "libc++";
				CLANG_ENABLE_MODULES = YES;
				CLANG_ENABLE_OBJC_ARC = YES;
				CLANG_ENABLE_OBJC_WEAK = YES;
				CLANG_WARN_BLOCK_CAPTURE_AUTORELEASING = YES;
				CLANG_WARN_BOOL_CONVERSION = YES;
				CLANG_WARN_COMMA = YES;
				CLANG_WARN_CONSTANT_CONVERSION = YES;
				CLANG_WARN_DEPRECATED_OBJC_IMPLEMENTATIONS = YES;
				CLANG_WARN_DIRECT_OBJC_ISA_USAGE = YES_ERROR;
				CLANG_WARN_DOCUMENTATION_COMMENTS = YES;
				CLANG_WARN_EMPTY_BODY = YES;
				CLANG_WARN_ENUM_CONVERSION = YES;
				CLANG_WARN_INFINITE_RECURSION = YES;
				CLANG_WARN_INT_CONVERSION = YES;
				CLANG_WARN_NON_LITERAL_NULL_CONVERSION = YES;
				CLANG_WARN_OBJC_IMPLICIT_RETAIN_SELF = YES;
				CLANG_WARN_OBJC_LITERAL_CONVERSION = YES;
				CLANG_WARN_OBJC_ROOT_CLASS = YES_ERROR;
				CLANG_WARN_QUOTED_INCLUDE_IN_FRAMEWORK_HEADER = YES;
				CLANG_WARN_RANGE_LOOP_ANALYSIS = YES;
				CLANG_WARN_STRICT_PROTOTYPES = YES;
				CLANG_WARN_SUSPICIOUS_MOVE = YES;
				CLANG_WARN_UNGUARDED_AVAILABILITY = YES_AGGRESSIVE;
				CLANG_WARN_UNREACHABLE_CODE = YES;
				CLANG_WARN__DUPLICATE_METHOD_MATCH = YES;
				COPY_PHASE_STRIP = NO;
				DEBUG_INFORMATION_FORMAT = dwarf;
				ENABLE_STRICT_OBJC_MSGSEND = YES;
				ENABLE_TESTABILITY = YES;
				GCC_C_LANGUAGE_STANDARD = gnu11;
				GCC_DYNAMIC_NO_PIC = NO;
				GCC_NO_COMMON_BLOCKS = YES;
				GCC_OPTIMIZATION_LEVEL = 0;
				GCC_PREPROCESSOR_DEFINITIONS = (
					"DEBUG=1",
					"$(inherited)",
				);
				GCC_WARN_64_TO_32_BIT_CONVERSION = YES;
				GCC_WARN_ABOUT_RETURN_TYPE = YES_ERROR;
				GCC_WARN_UNDECLARED_SELECTOR = YES;
				GCC_WARN_UNINITIALIZED_AUTOS = YES_AGGRESSIVE;
				GCC_WARN_UNUSED_FUNCTION = YES;
				GCC_WARN_UNUSED_VARIABLE = YES;
				IPHONEOS_DEPLOYMENT_TARGET = 15.0;
				MTL_ENABLE_DEBUG_INFO = INCLUDE_SOURCE;
				MTL_FAST_MATH = YES;
				ONLY_ACTIVE_ARCH = YES;
				SDKROOT = iphoneos;
				SWIFT_ACTIVE_COMPILATION_CONDITIONS = DEBUG;
				SWIFT_OPTIMIZATION_LEVEL = "-Onone";
			};
			name = Debug;
		};
		AF1257DD274D144500201AE7 /* Release */ = {
			isa = XCBuildConfiguration;
			buildSettings = {
				ALWAYS_SEARCH_USER_PATHS = NO;
				CLANG_ANALYZER_NONNULL = YES;
				CLANG_ANALYZER_NUMBER_OBJECT_CONVERSION = YES_AGGRESSIVE;
				CLANG_CXX_LANGUAGE_STANDARD = "gnu++17";
				CLANG_CXX_LIBRARY = "libc++";
				CLANG_ENABLE_MODULES = YES;
				CLANG_ENABLE_OBJC_ARC = YES;
				CLANG_ENABLE_OBJC_WEAK = YES;
				CLANG_WARN_BLOCK_CAPTURE_AUTORELEASING = YES;
				CLANG_WARN_BOOL_CONVERSION = YES;
				CLANG_WARN_COMMA = YES;
				CLANG_WARN_CONSTANT_CONVERSION = YES;
				CLANG_WARN_DEPRECATED_OBJC_IMPLEMENTATIONS = YES;
				CLANG_WARN_DIRECT_OBJC_ISA_USAGE = YES_ERROR;
				CLANG_WARN_DOCUMENTATION_COMMENTS = YES;
				CLANG_WARN_EMPTY_BODY = YES;
				CLANG_WARN_ENUM_CONVERSION = YES;
				CLANG_WARN_INFINITE_RECURSION = YES;
				CLANG_WARN_INT_CONVERSION = YES;
				CLANG_WARN_NON_LITERAL_NULL_CONVERSION = YES;
				CLANG_WARN_OBJC_IMPLICIT_RETAIN_SELF = YES;
				CLANG_WARN_OBJC_LITERAL_CONVERSION = YES;
				CLANG_WARN_OBJC_ROOT_CLASS = YES_ERROR;
				CLANG_WARN_QUOTED_INCLUDE_IN_FRAMEWORK_HEADER = YES;
				CLANG_WARN_RANGE_LOOP_ANALYSIS = YES;
				CLANG_WARN_STRICT_PROTOTYPES = YES;
				CLANG_WARN_SUSPICIOUS_MOVE = YES;
				CLANG_WARN_UNGUARDED_AVAILABILITY = YES_AGGRESSIVE;
				CLANG_WARN_UNREACHABLE_CODE = YES;
				CLANG_WARN__DUPLICATE_METHOD_MATCH = YES;
				COPY_PHASE_STRIP = NO;
				DEBUG_INFORMATION_FORMAT = "dwarf-with-dsym";
				ENABLE_NS_ASSERTIONS = NO;
				ENABLE_STRICT_OBJC_MSGSEND = YES;
				GCC_C_LANGUAGE_STANDARD = gnu11;
				GCC_NO_COMMON_BLOCKS = YES;
				GCC_WARN_64_TO_32_BIT_CONVERSION = YES;
				GCC_WARN_ABOUT_RETURN_TYPE = YES_ERROR;
				GCC_WARN_UNDECLARED_SELECTOR = YES;
				GCC_WARN_UNINITIALIZED_AUTOS = YES_AGGRESSIVE;
				GCC_WARN_UNUSED_FUNCTION = YES;
				GCC_WARN_UNUSED_VARIABLE = YES;
				IPHONEOS_DEPLOYMENT_TARGET = 15.0;
				MTL_ENABLE_DEBUG_INFO = NO;
				MTL_FAST_MATH = YES;
				SDKROOT = iphoneos;
				SWIFT_COMPILATION_MODE = wholemodule;
				SWIFT_OPTIMIZATION_LEVEL = "-O";
				VALIDATE_PRODUCT = YES;
			};
			name = Release;
		};
		AF1257DF274D144500201AE7 /* Debug */ = {
			isa = XCBuildConfiguration;
			buildSettings = {
				ASSETCATALOG_COMPILER_APPICON_NAME = AppIcon;
				ASSETCATALOG_COMPILER_GLOBAL_ACCENT_COLOR_NAME = AccentColor;
				CODE_SIGN_STYLE = Automatic;
				CURRENT_PROJECT_VERSION = 1;
				DEVELOPMENT_TEAM = Z7GXA28DBF;
				GENERATE_INFOPLIST_FILE = YES;
				INFOPLIST_FILE = ThreeInARow/Info.plist;
				INFOPLIST_KEY_UIApplicationSupportsIndirectInputEvents = YES;
				INFOPLIST_KEY_UILaunchStoryboardName = LaunchScreen;
				INFOPLIST_KEY_UIMainStoryboardFile = Main;
				INFOPLIST_KEY_UISupportedInterfaceOrientations_iPad = "UIInterfaceOrientationPortrait UIInterfaceOrientationPortraitUpsideDown UIInterfaceOrientationLandscapeLeft UIInterfaceOrientationLandscapeRight";
				INFOPLIST_KEY_UISupportedInterfaceOrientations_iPhone = "UIInterfaceOrientationPortrait UIInterfaceOrientationLandscapeLeft UIInterfaceOrientationLandscapeRight";
				LD_RUNPATH_SEARCH_PATHS = (
					"$(inherited)",
					"@executable_path/Frameworks",
				);
				MARKETING_VERSION = 1.0;
				PRODUCT_BUNDLE_IDENTIFIER = com.henrik.ThreeInARow;
				PRODUCT_NAME = "$(TARGET_NAME)";
				SWIFT_EMIT_LOC_STRINGS = YES;
				SWIFT_VERSION = 5.0;
				TARGETED_DEVICE_FAMILY = "1,2";
			};
			name = Debug;
		};
		AF1257E0274D144500201AE7 /* Release */ = {
			isa = XCBuildConfiguration;
			buildSettings = {
				ASSETCATALOG_COMPILER_APPICON_NAME = AppIcon;
				ASSETCATALOG_COMPILER_GLOBAL_ACCENT_COLOR_NAME = AccentColor;
				CODE_SIGN_STYLE = Automatic;
				CURRENT_PROJECT_VERSION = 1;
				DEVELOPMENT_TEAM = Z7GXA28DBF;
				GENERATE_INFOPLIST_FILE = YES;
				INFOPLIST_FILE = ThreeInARow/Info.plist;
				INFOPLIST_KEY_UIApplicationSupportsIndirectInputEvents = YES;
				INFOPLIST_KEY_UILaunchStoryboardName = LaunchScreen;
				INFOPLIST_KEY_UIMainStoryboardFile = Main;
				INFOPLIST_KEY_UISupportedInterfaceOrientations_iPad = "UIInterfaceOrientationPortrait UIInterfaceOrientationPortraitUpsideDown UIInterfaceOrientationLandscapeLeft UIInterfaceOrientationLandscapeRight";
				INFOPLIST_KEY_UISupportedInterfaceOrientations_iPhone = "UIInterfaceOrientationPortrait UIInterfaceOrientationLandscapeLeft UIInterfaceOrientationLandscapeRight";
				LD_RUNPATH_SEARCH_PATHS = (
					"$(inherited)",
					"@executable_path/Frameworks",
				);
				MARKETING_VERSION = 1.0;
				PRODUCT_BUNDLE_IDENTIFIER = com.henrik.ThreeInARow;
				PRODUCT_NAME = "$(TARGET_NAME)";
				SWIFT_EMIT_LOC_STRINGS = YES;
				SWIFT_VERSION = 5.0;
				TARGETED_DEVICE_FAMILY = "1,2";
			};
			name = Release;
		};
		AF1257E2274D144500201AE7 /* Debug */ = {
			isa = XCBuildConfiguration;
			buildSettings = {
				ALWAYS_EMBED_SWIFT_STANDARD_LIBRARIES = YES;
				BUNDLE_LOADER = "$(TEST_HOST)";
				CODE_SIGN_STYLE = Automatic;
				CURRENT_PROJECT_VERSION = 1;
				DEVELOPMENT_TEAM = Z7GXA28DBF;
				GENERATE_INFOPLIST_FILE = YES;
				IPHONEOS_DEPLOYMENT_TARGET = 15.0;
				LD_RUNPATH_SEARCH_PATHS = (
					"$(inherited)",
					"@executable_path/Frameworks",
					"@loader_path/Frameworks",
				);
				MARKETING_VERSION = 1.0;
				PRODUCT_BUNDLE_IDENTIFIER = com.henrik.ThreeInARowTests;
				PRODUCT_NAME = "$(TARGET_NAME)";
				SWIFT_EMIT_LOC_STRINGS = NO;
				SWIFT_VERSION = 5.0;
				TARGETED_DEVICE_FAMILY = "1,2";
				TEST_HOST = "$(BUILT_PRODUCTS_DIR)/ThreeInARow.app/ThreeInARow";
			};
			name = Debug;
		};
		AF1257E3274D144500201AE7 /* Release */ = {
			isa = XCBuildConfiguration;
			buildSettings = {
				ALWAYS_EMBED_SWIFT_STANDARD_LIBRARIES = YES;
				BUNDLE_LOADER = "$(TEST_HOST)";
				CODE_SIGN_STYLE = Automatic;
				CURRENT_PROJECT_VERSION = 1;
				DEVELOPMENT_TEAM = Z7GXA28DBF;
				GENERATE_INFOPLIST_FILE = YES;
				IPHONEOS_DEPLOYMENT_TARGET = 15.0;
				LD_RUNPATH_SEARCH_PATHS = (
					"$(inherited)",
					"@executable_path/Frameworks",
					"@loader_path/Frameworks",
				);
				MARKETING_VERSION = 1.0;
				PRODUCT_BUNDLE_IDENTIFIER = com.henrik.ThreeInARowTests;
				PRODUCT_NAME = "$(TARGET_NAME)";
				SWIFT_EMIT_LOC_STRINGS = NO;
				SWIFT_VERSION = 5.0;
				TARGETED_DEVICE_FAMILY = "1,2";
				TEST_HOST = "$(BUILT_PRODUCTS_DIR)/ThreeInARow.app/ThreeInARow";
			};
			name = Release;
		};
		AF1257E5274D144500201AE7 /* Debug */ = {
			isa = XCBuildConfiguration;
			buildSettings = {
				ALWAYS_EMBED_SWIFT_STANDARD_LIBRARIES = YES;
				CODE_SIGN_STYLE = Automatic;
				CURRENT_PROJECT_VERSION = 1;
				DEVELOPMENT_TEAM = Z7GXA28DBF;
				GENERATE_INFOPLIST_FILE = YES;
				LD_RUNPATH_SEARCH_PATHS = (
					"$(inherited)",
					"@executable_path/Frameworks",
					"@loader_path/Frameworks",
				);
				MARKETING_VERSION = 1.0;
				PRODUCT_BUNDLE_IDENTIFIER = com.henrik.ThreeInARowUITests;
				PRODUCT_NAME = "$(TARGET_NAME)";
				SWIFT_EMIT_LOC_STRINGS = NO;
				SWIFT_VERSION = 5.0;
				TARGETED_DEVICE_FAMILY = "1,2";
				TEST_TARGET_NAME = ThreeInARow;
			};
			name = Debug;
		};
		AF1257E6274D144500201AE7 /* Release */ = {
			isa = XCBuildConfiguration;
			buildSettings = {
				ALWAYS_EMBED_SWIFT_STANDARD_LIBRARIES = YES;
				CODE_SIGN_STYLE = Automatic;
				CURRENT_PROJECT_VERSION = 1;
				DEVELOPMENT_TEAM = Z7GXA28DBF;
				GENERATE_INFOPLIST_FILE = YES;
				LD_RUNPATH_SEARCH_PATHS = (
					"$(inherited)",
					"@executable_path/Frameworks",
					"@loader_path/Frameworks",
				);
				MARKETING_VERSION = 1.0;
				PRODUCT_BUNDLE_IDENTIFIER = com.henrik.ThreeInARowUITests;
				PRODUCT_NAME = "$(TARGET_NAME)";
				SWIFT_EMIT_LOC_STRINGS = NO;
				SWIFT_VERSION = 5.0;
				TARGETED_DEVICE_FAMILY = "1,2";
				TEST_TARGET_NAME = ThreeInARow;
			};
			name = Release;
		};
/* End XCBuildConfiguration section */

/* Begin XCConfigurationList section */
		AF1257AF274D143900201AE7 /* Build configuration list for PBXProject "ThreeInARow" */ = {
			isa = XCConfigurationList;
			buildConfigurations = (
				AF1257DC274D144500201AE7 /* Debug */,
				AF1257DD274D144500201AE7 /* Release */,
			);
			defaultConfigurationIsVisible = 0;
			defaultConfigurationName = Release;
		};
		AF1257DE274D144500201AE7 /* Build configuration list for PBXNativeTarget "ThreeInARow" */ = {
			isa = XCConfigurationList;
			buildConfigurations = (
				AF1257DF274D144500201AE7 /* Debug */,
				AF1257E0274D144500201AE7 /* Release */,
			);
			defaultConfigurationIsVisible = 0;
			defaultConfigurationName = Release;
		};
		AF1257E1274D144500201AE7 /* Build configuration list for PBXNativeTarget "ThreeInARowTests" */ = {
			isa = XCConfigurationList;
			buildConfigurations = (
				AF1257E2274D144500201AE7 /* Debug */,
				AF1257E3274D144500201AE7 /* Release */,
			);
			defaultConfigurationIsVisible = 0;
			defaultConfigurationName = Release;
		};
		AF1257E4274D144500201AE7 /* Build configuration list for PBXNativeTarget "ThreeInARowUITests" */ = {
			isa = XCConfigurationList;
			buildConfigurations = (
				AF1257E5274D144500201AE7 /* Debug */,
				AF1257E6274D144500201AE7 /* Release */,
			);
			defaultConfigurationIsVisible = 0;
			defaultConfigurationName = Release;
		};
/* End XCConfigurationList section */
	};
	rootObject = AF1257AC274D143900201AE7 /* Project object */;
}
